
Microsoft Visual Studio Solution File, Format Version 12.00
# Visual Studio Version 17
VisualStudioVersion = 17.0.31903.59
MinimumVisualStudioVersion = 10.0.40219.1
Project("{FAE04EC0-301F-11D3-BF4B-00C04F79EFBC}") = "RedisLeaderboard.API", "RedisLeaderboard.API\RedisLeaderboard.API.csproj", "{7594A95C-6BDE-41E7-9898-A2068A599812}"
EndProject
Project("{FAE04EC0-301F-11D3-BF4B-00C04F79EFBC}") = "RedisLeaderboard.Domain", "RedisLeaderboard.Domain\RedisLeaderboard.Domain.csproj", "{9E7E2E48-895E-4C3E-9BB7-8ABAB6191558}"
EndProject
Project("{FAE04EC0-301F-11D3-BF4B-00C04F79EFBC}") = "RedisLeaderboard.Infrastructure", "RedisLeaderboard.Infrastructure\RedisLeaderboard.Infrastructure.csproj", "{64A26F97-7F5B-4655-858B-CDA8D50A86B4}"
EndProject
Global
	GlobalSection(SolutionConfigurationPlatforms) = preSolution
		Debug|Any CPU = Debug|Any CPU
		Release|Any CPU = Release|Any CPU
	EndGlobalSection
	GlobalSection(SolutionProperties) = preSolution
		HideSolutionNode = FALSE
	EndGlobalSection
	GlobalSection(ProjectConfigurationPlatforms) = postSolution
		{7594A95C-6BDE-41E7-9898-A2068A599812}.Debug|Any CPU.ActiveCfg = Debug|Any CPU
		{7594A95C-6BDE-41E7-9898-A2068A599812}.Debug|Any CPU.Build.0 = Debug|Any CPU
		{7594A95C-6BDE-41E7-9898-A2068A599812}.Release|Any CPU.ActiveCfg = Release|Any CPU
		{7594A95C-6BDE-41E7-9898-A2068A599812}.Release|Any CPU.Build.0 = Release|Any CPU
		{9E7E2E48-895E-4C3E-9BB7-8ABAB6191558}.Debug|Any CPU.ActiveCfg = Debug|Any CPU
		{9E7E2E48-895E-4C3E-9BB7-8ABAB6191558}.Debug|Any CPU.Build.0 = Debug|Any CPU
		{9E7E2E48-895E-4C3E-9BB7-8ABAB6191558}.Release|Any CPU.ActiveCfg = Release|Any CPU
		{9E7E2E48-895E-4C3E-9BB7-8ABAB6191558}.Release|Any CPU.Build.0 = Release|Any CPU
		{64A26F97-7F5B-4655-858B-CDA8D50A86B4}.Debug|Any CPU.ActiveCfg = Debug|Any CPU
		{64A26F97-7F5B-4655-858B-CDA8D50A86B4}.Debug|Any CPU.Build.0 = Debug|Any CPU
		{64A26F97-7F5B-4655-858B-CDA8D50A86B4}.Release|Any CPU.ActiveCfg = Release|Any CPU
		{64A26F97-7F5B-4655-858B-CDA8D50A86B4}.Release|Any CPU.Build.0 = Release|Any CPU
	EndGlobalSection
EndGlobal
